{
  "requires": true,
  "lockfileVersion": 1,
  "dependencies": {
    "jquery": {
      "version": "3.5.1",
      "resolved": "https://registry.npm.taobao.org/jquery/download/jquery-3.5.1.tgz",
      "integrity": "sha1-17TQjhv9uGrS8aPQOeoXMEcXq7U="
    },
    "jquery-i18n-properties": {
      "version": "1.2.7",
      "resolved": "https://registry.npm.taobao.org/jquery-i18n-properties/download/jquery-i18n-properties-1.2.7.tgz",
      "integrity": "sha1-gOBnMwLJk6VZetlfPztlQ9OguX0=",
      "requires": {
        "jquery": ">=1.9.0"
      }
    }
  }
}
