{
  "name": "threejs_demo",
  "version": "1.0.0",
  "lockfileVersion": 1,
  "requires": true,
  "dependencies": {
    "three": {
      "version": "0.128.0",
      "resolved": "https://registry.nlark.com/three/download/three-0.128.0.tgz?cache=0&sync_timestamp=1619177927305&other_urls=https%3A%2F%2Fregistry.nlark.com%2Fthree%2Fdownload%2Fthree-0.128.0.tgz",
      "integrity": "sha1-iE2symozDkVgCgnsVDkoP1C3aqY="
    }
  }
}
