{
  "requires": true,
  "lockfileVersion": 1,
  "dependencies": {
    "bignumber.js": {
      "version": "9.0.1",
      "resolved": "https://registry.npm.taobao.org/bignumber.js/download/bignumber.js-9.0.1.tgz",
      "integrity": "sha1-jXuhJMiCv9jkMmDGdHVRjQaJ5OU="
    },
    "decimal.js": {
      "version": "10.2.1",
      "resolved": "https://registry.npm.taobao.org/decimal.js/download/decimal.js-10.2.1.tgz",
      "integrity": "sha1-I4rnsPDHk9PjzqQQEIs1osAUJqM="
    }
  }
}
