{
  "name": "knockoutJs_demo",
  "version": "1.0.0",
  "lockfileVersion": 1,
  "requires": true,
  "dependencies": {
    "knockout": {
      "version": "3.5.1",
      "resolved": "https://registry.nlark.com/knockout/download/knockout-3.5.1.tgz",
      "integrity": "sha1-YsgegYQ76iAI/SPFde3ZypeOdc8="
    }
  }
}
